
Microsoft Visual Studio Solution File, Format Version 12.00
# Visual Studio Version 17
VisualStudioVersion = 17.9.34616.47
MinimumVisualStudioVersion = 10.0.40219.1
Project("{FAE04EC0-301F-11D3-BF4B-00C04F79EFBC}") = "IS3050 Spring 2025 Assignment08", "IS3050 Spring 2025 Assignment08\IS3050 Spring 2025 Assignment08.csproj", "{5B9831B7-6437-4FCA-8D19-A49645A137D5}"
EndProject
Global
	GlobalSection(SolutionConfigurationPlatforms) = preSolution
		Debug|Any CPU = Debug|Any CPU
		Release|Any CPU = Release|Any CPU
	EndGlobalSection
	GlobalSection(ProjectConfigurationPlatforms) = postSolution
		{5B9831B7-6437-4FCA-8D19-A49645A137D5}.Debug|Any CPU.ActiveCfg = Debug|Any CPU
		{5B9831B7-6437-4FCA-8D19-A49645A137D5}.Debug|Any CPU.Build.0 = Debug|Any CPU
		{5B9831B7-6437-4FCA-8D19-A49645A137D5}.Release|Any CPU.ActiveCfg = Release|Any CPU
		{5B9831B7-6437-4FCA-8D19-A49645A137D5}.Release|Any CPU.Build.0 = Release|Any CPU
	EndGlobalSection
	GlobalSection(SolutionProperties) = preSolution
		HideSolutionNode = FALSE
	EndGlobalSection
	GlobalSection(ExtensibilityGlobals) = postSolution
		SolutionGuid = {83B93A3C-6BB6-457D-AA15-743D39E57B26}
	EndGlobalSection
EndGlobal
